// !$*UTF8*$!
{
	archiveVersion = 1;
	classes = {
	};
	objectVersion = 50;
	objects = {

/* Begin PBXBuildFile section */
		793651D92428F0E00055DBAE /* AppDelegate.swift in Sources */ = {isa = PBXBuildFile; fileRef = 793651D82428F0E00055DBAE /* AppDelegate.swift */; };
		793651DB2428F0E00055DBAE /* SceneDelegate.swift in Sources */ = {isa = PBXBuildFile; fileRef = 793651DA2428F0E00055DBAE /* SceneDelegate.swift */; };
		793651DE2428F0E00055DBAE /* Pomodoro.xcdatamodeld in Sources */ = {isa = PBXBuildFile; fileRef = 793651DC2428F0E00055DBAE /* Pomodoro.xcdatamodeld */; };
		793651E02428F0E00055DBAE /* ContentView.swift in Sources */ = {isa = PBXBuildFile; fileRef = 793651DF2428F0E00055DBAE /* ContentView.swift */; };
		793651E22428F0E60055DBAE /* Assets.xcassets in Resources */ = {isa = PBXBuildFile; fileRef = 793651E12428F0E60055DBAE /* Assets.xcassets */; };
		793651E52428F0E60055DBAE /* Preview Assets.xcassets in Resources */ = {isa = PBXBuildFile; fileRef = 793651E42428F0E60055DBAE /* Preview Assets.xcassets */; };
		793651E82428F0E60055DBAE /* LaunchScreen.storyboard in Resources */ = {isa = PBXBuildFile; fileRef = 793651E62428F0E60055DBAE /* LaunchScreen.storyboard */; };
		793651F32428F0E60055DBAE /* PomodoroTests.swift in Sources */ = {isa = PBXBuildFile; fileRef = 793651F22428F0E60055DBAE /* PomodoroTests.swift */; };
		793651FE2428F0E60055DBAE /* PomodoroUITests.swift in Sources */ = {isa = PBXBuildFile; fileRef = 793651FD2428F0E60055DBAE /* PomodoroUITests.swift */; };
		7936520D2428F1FE0055DBAE /* PomoModel.swift in Sources */ = {isa = PBXBuildFile; fileRef = 7936520C2428F1FE0055DBAE /* PomoModel.swift */; };
/* End PBXBuildFile section */

/* Begin PBXContainerItemProxy section */
		793651EF2428F0E60055DBAE /* PBXContainerItemProxy */ = {
			isa = PBXContainerItemProxy;
			containerPortal = 793651CD2428F0E00055DBAE /* Project object */;
			proxyType = 1;
			remoteGlobalIDString = 793651D42428F0E00055DBAE;
			remoteInfo = Pomodoro;
		};
		793651FA2428F0E60055DBAE /* PBXContainerItemProxy */ = {
			isa = PBXContainerItemProxy;
			containerPortal = 793651CD2428F0E00055DBAE /* Project object */;
			proxyType = 1;
			remoteGlobalIDString = 793651D42428F0E00055DBAE;
			remoteInfo = Pomodoro;
		};
/* End PBXContainerItemProxy section */

/* Begin PBXFileReference section */
		793651D52428F0E00055DBAE /* Pomodoro.app */ = {isa = PBXFileReference; explicitFileType = wrapper.application; includeInIndex = 0; path = Pomodoro.app; sourceTree = BUILT_PRODUCTS_DIR; };
		793651D82428F0E00055DBAE /* AppDelegate.swift */ = {isa = PBXFileReference; lastKnownFileType = sourcecode.swift; path = AppDelegate.swift; sourceTree = "<group>"; };
		793651DA2428F0E00055DBAE /* SceneDelegate.swift */ = {isa = PBXFileReference; lastKnownFileType = sourcecode.swift; path = SceneDelegate.swift; sourceTree = "<group>"; };
		793651DD2428F0E00055DBAE /* Pomodoro.xcdatamodel */ = {isa = PBXFileReference; lastKnownFileType = wrapper.xcdatamodel; path = Pomodoro.xcdatamodel; sourceTree = "<group>"; };
		793651DF2428F0E00055DBAE /* ContentView.swift */ = {isa = PBXFileReference; lastKnownFileType = sourcecode.swift; path = ContentView.swift; sourceTree = "<group>"; };
		793651E12428F0E60055DBAE /* Assets.xcassets */ = {isa = PBXFileReference; lastKnownFileType = folder.assetcatalog; path = Assets.xcassets; sourceTree = "<group>"; };
		793651E42428F0E60055DBAE /* Preview Assets.xcassets */ = {isa = PBXFileReference; lastKnownFileType = folder.assetcatalog; path = "Preview Assets.xcassets"; sourceTree = "<group>"; };
		793651E72428F0E60055DBAE /* Base */ = {isa = PBXFileReference; lastKnownFileType = file.storyboard; name = Base; path = Base.lproj/LaunchScreen.storyboard; sourceTree = "<group>"; };
		793651E92428F0E60055DBAE /* Info.plist */ = {isa = PBXFileReference; lastKnownFileType = text.plist.xml; path = Info.plist; sourceTree = "<group>"; };
		793651EE2428F0E60055DBAE /* PomodoroTests.xctest */ = {isa = PBXFileReference; explicitFileType = wrapper.cfbundle; includeInIndex = 0; path = PomodoroTests.xctest; sourceTree = BUILT_PRODUCTS_DIR; };
		793651F22428F0E60055DBAE /* PomodoroTests.swift */ = {isa = PBXFileReference; lastKnownFileType = sourcecode.swift; path = PomodoroTests.swift; sourceTree = "<group>"; };
		793651F42428F0E60055DBAE /* Info.plist */ = {isa = PBXFileReference; lastKnownFileType = text.plist.xml; path = Info.plist; sourceTree = "<group>"; };
		793651F92428F0E60055DBAE /* PomodoroUITests.xctest */ = {isa = PBXFileReference; explicitFileType = wrapper.cfbundle; includeInIndex = 0; path = PomodoroUITests.xctest; sourceTree = BUILT_PRODUCTS_DIR; };
		793651FD2428F0E60055DBAE /* PomodoroUITests.swift */ = {isa = PBXFileReference; lastKnownFileType = sourcecode.swift; path = PomodoroUITests.swift; sourceTree = "<group>"; };
		793651FF2428F0E60055DBAE /* Info.plist */ = {isa = PBXFileReference; lastKnownFileType = text.plist.xml; path = Info.plist; sourceTree = "<group>"; };
		7936520C2428F1FE0055DBAE /* PomoModel.swift */ = {isa = PBXFileReference; lastKnownFileType = sourcecode.swift; path = PomoModel.swift; sourceTree = "<group>"; };
/* End PBXFileReference section */

/* Begin PBXFrameworksBuildPhase section */
		793651D22428F0E00055DBAE /* Frameworks */ = {
			isa = PBXFrameworksBuildPhase;
			buildActionMask = 2147483647;
			files = (
			);
			runOnlyForDeploymentPostprocessing = 0;
		};
		793651EB2428F0E60055DBAE /* Frameworks */ = {
			isa = PBXFrameworksBuildPhase;
			buildActionMask = 2147483647;
			files = (
			);
			runOnlyForDeploymentPostprocessing = 0;
		};
		793651F62428F0E60055DBAE /* Frameworks */ = {
			isa = PBXFrameworksBuildPhase;
			buildActionMask = 2147483647;
			files = (
			);
			runOnlyForDeploymentPostprocessing = 0;
		};
/* End PBXFrameworksBuildPhase section */

/* Begin PBXGroup section */
		793651CC2428F0E00055DBAE = {
			isa = PBXGroup;
			children = (
				7936520B2428F1E30055DBAE /* Models */,
				793651D72428F0E00055DBAE /* Pomodoro */,
				793651F12428F0E60055DBAE /* PomodoroTests */,
				793651FC2428F0E60055DBAE /* PomodoroUITests */,
				793651D62428F0E00055DBAE /* Products */,
			);
			sourceTree = "<group>";
		};
		793651D62428F0E00055DBAE /* Products */ = {
			isa = PBXGroup;
			children = (
				793651D52428F0E00055DBAE /* Pomodoro.app */,
				793651EE2428F0E60055DBAE /* PomodoroTests.xctest */,
				793651F92428F0E60055DBAE /* PomodoroUITests.xctest */,
			);
			name = Products;
			sourceTree = "<group>";
		};
		793651D72428F0E00055DBAE /* Pomodoro */ = {
			isa = PBXGroup;
			children = (
				793651D82428F0E00055DBAE /* AppDelegate.swift */,
				793651DA2428F0E00055DBAE /* SceneDelegate.swift */,
				793651DF2428F0E00055DBAE /* ContentView.swift */,
				793651E12428F0E60055DBAE /* Assets.xcassets */,
				793651E62428F0E60055DBAE /* LaunchScreen.storyboard */,
				793651E92428F0E60055DBAE /* Info.plist */,
				793651DC2428F0E00055DBAE /* Pomodoro.xcdatamodeld */,
				793651E32428F0E60055DBAE /* Preview Content */,
			);
			path = Pomodoro;
			sourceTree = "<group>";
		};
		793651E32428F0E60055DBAE /* Preview Content */ = {
			isa = PBXGroup;
			children = (
				793651E42428F0E60055DBAE /* Preview Assets.xcassets */,
			);
			path = "Preview Content";
			sourceTree = "<group>";
		};
		793651F12428F0E60055DBAE /* PomodoroTests */ = {
			isa = PBXGroup;
			children = (
				793651F22428F0E60055DBAE /* PomodoroTests.swift */,
				793651F42428F0E60055DBAE /* Info.plist */,
			);
			path = PomodoroTests;
			sourceTree = "<group>";
		};
		793651FC2428F0E60055DBAE /* PomodoroUITests */ = {
			isa = PBXGroup;
			children = (
				793651FD2428F0E60055DBAE /* PomodoroUITests.swift */,
				793651FF2428F0E60055DBAE /* Info.plist */,
			);
			path = PomodoroUITests;
			sourceTree = "<group>";
		};
		7936520B2428F1E30055DBAE /* Models */ = {
			isa = PBXGroup;
			children = (
				7936520C2428F1FE0055DBAE /* PomoModel.swift */,
			);
			path = Models;
			sourceTree = "<group>";
		};
/* End PBXGroup section */

/* Begin PBXNativeTarget section */
		793651D42428F0E00055DBAE /* Pomodoro */ = {
			isa = PBXNativeTarget;
			buildConfigurationList = 793652022428F0E60055DBAE /* Build configuration list for PBXNativeTarget "Pomodoro" */;
			buildPhases = (
				793651D12428F0E00055DBAE /* Sources */,
				793651D22428F0E00055DBAE /* Frameworks */,
				793651D32428F0E00055DBAE /* Resources */,
			);
			buildRules = (
			);
			dependencies = (
			);
			name = Pomodoro;
			productName = Pomodoro;
			productReference = 793651D52428F0E00055DBAE /* Pomodoro.app */;
			productType = "com.apple.product-type.application";
		};
		793651ED2428F0E60055DBAE /* PomodoroTests */ = {
			isa = PBXNativeTarget;
			buildConfigurationList = 793652052428F0E60055DBAE /* Build configuration list for PBXNativeTarget "PomodoroTests" */;
			buildPhases = (
				793651EA2428F0E60055DBAE /* Sources */,
				793651EB2428F0E60055DBAE /* Frameworks */,
				793651EC2428F0E60055DBAE /* Resources */,
			);
			buildRules = (
			);
			dependencies = (
				793651F02428F0E60055DBAE /* PBXTargetDependency */,
			);
			name = PomodoroTests;
			productName = PomodoroTests;
			productReference = 793651EE2428F0E60055DBAE /* PomodoroTests.xctest */;
			productType = "com.apple.product-type.bundle.unit-test";
		};
		793651F82428F0E60055DBAE /* PomodoroUITests */ = {
			isa = PBXNativeTarget;
			buildConfigurationList = 793652082428F0E60055DBAE /* Build configuration list for PBXNativeTarget "PomodoroUITests" */;
			buildPhases = (
				793651F52428F0E60055DBAE /* Sources */,
				793651F62428F0E60055DBAE /* Frameworks */,
				793651F72428F0E60055DBAE /* Resources */,
			);
			buildRules = (
			);
			dependencies = (
				793651FB2428F0E60055DBAE /* PBXTargetDependency */,
			);
			name = PomodoroUITests;
			productName = PomodoroUITests;
			productReference = 793651F92428F0E60055DBAE /* PomodoroUITests.xctest */;
			productType = "com.apple.product-type.bundle.ui-testing";
		};
/* End PBXNativeTarget section */

/* Begin PBXProject section */
		793651CD2428F0E00055DBAE /* Project object */ = {
			isa = PBXProject;
			attributes = {
				LastSwiftUpdateCheck = 1130;
				LastUpgradeCheck = 1130;
				ORGANIZATIONNAME = "Garagem Infinita";
				TargetAttributes = {
					793651D42428F0E00055DBAE = {
						CreatedOnToolsVersion = 11.3.1;
					};
					793651ED2428F0E60055DBAE = {
						CreatedOnToolsVersion = 11.3.1;
						TestTargetID = 793651D42428F0E00055DBAE;
					};
					793651F82428F0E60055DBAE = {
						CreatedOnToolsVersion = 11.3.1;
						TestTargetID = 793651D42428F0E00055DBAE;
					};
				};
			};
			buildConfigurationList = 793651D02428F0E00055DBAE /* Build configuration list for PBXProject "Pomodoro" */;
			compatibilityVersion = "Xcode 9.3";
			developmentRegion = en;
			hasScannedForEncodings = 0;
			knownRegions = (
				en,
				Base,
			);
			mainGroup = 793651CC2428F0E00055DBAE;
			productRefGroup = 793651D62428F0E00055DBAE /* Products */;
			projectDirPath = "";
			projectRoot = "";
			targets = (
				793651D42428F0E00055DBAE /* Pomodoro */,
				793651ED2428F0E60055DBAE /* PomodoroTests */,
				793651F82428F0E60055DBAE /* PomodoroUITests */,
			);
		};
/* End PBXProject section */

/* Begin PBXResourcesBuildPhase section */
		793651D32428F0E00055DBAE /* Resources */ = {
			isa = PBXResourcesBuildPhase;
			buildActionMask = 2147483647;
			files = (
				793651E82428F0E60055DBAE /* LaunchScreen.storyboard in Resources */,
				793651E52428F0E60055DBAE /* Preview Assets.xcassets in Resources */,
				793651E22428F0E60055DBAE /* Assets.xcassets in Resources */,
			);
			runOnlyForDeploymentPostprocessing = 0;
		};
		793651EC2428F0E60055DBAE /* Resources */ = {
			isa = PBXResourcesBuildPhase;
			buildActionMask = 2147483647;
			files = (
			);
			runOnlyForDeploymentPostprocessing = 0;
		};
		793651F72428F0E60055DBAE /* Resources */ = {
			isa = PBXResourcesBuildPhase;
			buildActionMask = 2147483647;
			files = (
			);
			runOnlyForDeploymentPostprocessing = 0;
		};
/* End PBXResourcesBuildPhase section */

/* Begin PBXSourcesBuildPhase section */
		793651D12428F0E00055DBAE /* Sources */ = {
			isa = PBXSourcesBuildPhase;
			buildActionMask = 2147483647;
			files = (
				793651DE2428F0E00055DBAE /* Pomodoro.xcdatamodeld in Sources */,
				793651D92428F0E00055DBAE /* AppDelegate.swift in Sources */,
				793651E02428F0E00055DBAE /* ContentView.swift in Sources */,
				7936520D2428F1FE0055DBAE /* PomoModel.swift in Sources */,
				793651DB2428F0E00055DBAE /* SceneDelegate.swift in Sources */,
			);
			runOnlyForDeploymentPostprocessing = 0;
		};
		793651EA2428F0E60055DBAE /* Sources */ = {
			isa = PBXSourcesBuildPhase;
			buildActionMask = 2147483647;
			files = (
				793651F32428F0E60055DBAE /* PomodoroTests.swift in Sources */,
			);
			runOnlyForDeploymentPostprocessing = 0;
		};
		793651F52428F0E60055DBAE /* Sources */ = {
			isa = PBXSourcesBuildPhase;
			buildActionMask = 2147483647;
			files = (
				793651FE2428F0E60055DBAE /* PomodoroUITests.swift in Sources */,
			);
			runOnlyForDeploymentPostprocessing = 0;
		};
/* End PBXSourcesBuildPhase section */

/* Begin PBXTargetDependency section */
		793651F02428F0E60055DBAE /* PBXTargetDependency */ = {
			isa = PBXTargetDependency;
			target = 793651D42428F0E00055DBAE /* Pomodoro */;
			targetProxy = 793651EF2428F0E60055DBAE /* PBXContainerItemProxy */;
		};
		793651FB2428F0E60055DBAE /* PBXTargetDependency */ = {
			isa = PBXTargetDependency;
			target = 793651D42428F0E00055DBAE /* Pomodoro */;
			targetProxy = 793651FA2428F0E60055DBAE /* PBXContainerItemProxy */;
		};
/* End PBXTargetDependency section */

/* Begin PBXVariantGroup section */
		793651E62428F0E60055DBAE /* LaunchScreen.storyboard */ = {
			isa = PBXVariantGroup;
			children = (
				793651E72428F0E60055DBAE /* Base */,
			);
			name = LaunchScreen.storyboard;
			sourceTree = "<group>";
		};
/* End PBXVariantGroup section */

/* Begin XCBuildConfiguration section */
		793652002428F0E60055DBAE /* Debug */ = {
			isa = XCBuildConfiguration;
			buildSettings = {
				ALWAYS_SEARCH_USER_PATHS = NO;
				CLANG_ANALYZER_NONNULL = YES;
				CLANG_ANALYZER_NUMBER_OBJECT_CONVERSION = YES_AGGRESSIVE;
				CLANG_CXX_LANGUAGE_STANDARD = "gnu++14";
				CLANG_CXX_LIBRARY = "libc++";
				CLANG_ENABLE_MODULES = YES;
				CLANG_ENABLE_OBJC_ARC = YES;
				CLANG_ENABLE_OBJC_WEAK = YES;
				CLANG_WARN_BLOCK_CAPTURE_AUTORELEASING = YES;
				CLANG_WARN_BOOL_CONVERSION = YES;
				CLANG_WARN_COMMA = YES;
				CLANG_WARN_CONSTANT_CONVERSION = YES;
				CLANG_WARN_DEPRECATED_OBJC_IMPLEMENTATIONS = YES;
				CLANG_WARN_DIRECT_OBJC_ISA_USAGE = YES_ERROR;
				CLANG_WARN_DOCUMENTATION_COMMENTS = YES;
				CLANG_WARN_EMPTY_BODY = YES;
				CLANG_WARN_ENUM_CONVERSION = YES;
				CLANG_WARN_INFINITE_RECURSION = YES;
				CLANG_WARN_INT_CONVERSION = YES;
				CLANG_WARN_NON_LITERAL_NULL_CONVERSION = YES;
				CLANG_WARN_OBJC_IMPLICIT_RETAIN_SELF = YES;
				CLANG_WARN_OBJC_LITERAL_CONVERSION = YES;
				CLANG_WARN_OBJC_ROOT_CLASS = YES_ERROR;
				CLANG_WARN_RANGE_LOOP_ANALYSIS = YES;
				CLANG_WARN_STRICT_PROTOTYPES = YES;
				CLANG_WARN_SUSPICIOUS_MOVE = YES;
				CLANG_WARN_UNGUARDED_AVAILABILITY = YES_AGGRESSIVE;
				CLANG_WARN_UNREACHABLE_CODE = YES;
				CLANG_WARN__DUPLICATE_METHOD_MATCH = YES;
				COPY_PHASE_STRIP = NO;
				DEBUG_INFORMATION_FORMAT = dwarf;
				ENABLE_STRICT_OBJC_MSGSEND = YES;
				ENABLE_TESTABILITY = YES;
				GCC_C_LANGUAGE_STANDARD = gnu11;
				GCC_DYNAMIC_NO_PIC = NO;
				GCC_NO_COMMON_BLOCKS = YES;
				GCC_OPTIMIZATION_LEVEL = 0;
				GCC_PREPROCESSOR_DEFINITIONS = (
					"DEBUG=1",
					"$(inherited)",
				);
				GCC_WARN_64_TO_32_BIT_CONVERSION = YES;
				GCC_WARN_ABOUT_RETURN_TYPE = YES_ERROR;
				GCC_WARN_UNDECLARED_SELECTOR = YES;
				GCC_WARN_UNINITIALIZED_AUTOS = YES_AGGRESSIVE;
				GCC_WARN_UNUSED_FUNCTION = YES;
				GCC_WARN_UNUSED_VARIABLE = YES;
				IPHONEOS_DEPLOYMENT_TARGET = 13.2;
				MTL_ENABLE_DEBUG_INFO = INCLUDE_SOURCE;
				MTL_FAST_MATH = YES;
				ONLY_ACTIVE_ARCH = YES;
				SDKROOT = iphoneos;
				SWIFT_ACTIVE_COMPILATION_CONDITIONS = DEBUG;
				SWIFT_OPTIMIZATION_LEVEL = "-Onone";
			};
			name = Debug;
		};
		793652012428F0E60055DBAE /* Release */ = {
			isa = XCBuildConfiguration;
			buildSettings = {
				ALWAYS_SEARCH_USER_PATHS = NO;
				CLANG_ANALYZER_NONNULL = YES;
				CLANG_ANALYZER_NUMBER_OBJECT_CONVERSION = YES_AGGRESSIVE;
				CLANG_CXX_LANGUAGE_STANDARD = "gnu++14";
				CLANG_CXX_LIBRARY = "libc++";
				CLANG_ENABLE_MODULES = YES;
				CLANG_ENABLE_OBJC_ARC = YES;
				CLANG_ENABLE_OBJC_WEAK = YES;
				CLANG_WARN_BLOCK_CAPTURE_AUTORELEASING = YES;
				CLANG_WARN_BOOL_CONVERSION = YES;
				CLANG_WARN_COMMA = YES;
				CLANG_WARN_CONSTANT_CONVERSION = YES;
				CLANG_WARN_DEPRECATED_OBJC_IMPLEMENTATIONS = YES;
				CLANG_WARN_DIRECT_OBJC_ISA_USAGE = YES_ERROR;
				CLANG_WARN_DOCUMENTATION_COMMENTS = YES;
				CLANG_WARN_EMPTY_BODY = YES;
				CLANG_WARN_ENUM_CONVERSION = YES;
				CLANG_WARN_INFINITE_RECURSION = YES;
				CLANG_WARN_INT_CONVERSION = YES;
				CLANG_WARN_NON_LITERAL_NULL_CONVERSION = YES;
				CLANG_WARN_OBJC_IMPLICIT_RETAIN_SELF = YES;
				CLANG_WARN_OBJC_LITERAL_CONVERSION = YES;
				CLANG_WARN_OBJC_ROOT_CLASS = YES_ERROR;
				CLANG_WARN_RANGE_LOOP_ANALYSIS = YES;
				CLANG_WARN_STRICT_PROTOTYPES = YES;
				CLANG_WARN_SUSPICIOUS_MOVE = YES;
				CLANG_WARN_UNGUARDED_AVAILABILITY = YES_AGGRESSIVE;
				CLANG_WARN_UNREACHABLE_CODE = YES;
				CLANG_WARN__DUPLICATE_METHOD_MATCH = YES;
				COPY_PHASE_STRIP = NO;
				DEBUG_INFORMATION_FORMAT = "dwarf-with-dsym";
				ENABLE_NS_ASSERTIONS = NO;
				ENABLE_STRICT_OBJC_MSGSEND = YES;
				GCC_C_LANGUAGE_STANDARD = gnu11;
				GCC_NO_COMMON_BLOCKS = YES;
				GCC_WARN_64_TO_32_BIT_CONVERSION = YES;
				GCC_WARN_ABOUT_RETURN_TYPE = YES_ERROR;
				GCC_WARN_UNDECLARED_SELECTOR = YES;
				GCC_WARN_UNINITIALIZED_AUTOS = YES_AGGRESSIVE;
				GCC_WARN_UNUSED_FUNCTION = YES;
				GCC_WARN_UNUSED_VARIABLE = YES;
				IPHONEOS_DEPLOYMENT_TARGET = 13.2;
				MTL_ENABLE_DEBUG_INFO = NO;
				MTL_FAST_MATH = YES;
				SDKROOT = iphoneos;
				SWIFT_COMPILATION_MODE = wholemodule;
				SWIFT_OPTIMIZATION_LEVEL = "-O";
				VALIDATE_PRODUCT = YES;
			};
			name = Release;
		};
		793652032428F0E60055DBAE /* Debug */ = {
			isa = XCBuildConfiguration;
			buildSettings = {
				ASSETCATALOG_COMPILER_APPICON_NAME = AppIcon;
				CODE_SIGN_STYLE = Automatic;
				DEVELOPMENT_ASSET_PATHS = "\"Pomodoro/Preview Content\"";
				DEVELOPMENT_TEAM = L2BC5TCSR5;
				ENABLE_PREVIEWS = YES;
				INFOPLIST_FILE = Pomodoro/Info.plist;
				LD_RUNPATH_SEARCH_PATHS = (
					"$(inherited)",
					"@executable_path/Frameworks",
				);
				PRODUCT_BUNDLE_IDENTIFIER = com.garageminfinita.Pomodoro;
				PRODUCT_NAME = "$(TARGET_NAME)";
				SWIFT_VERSION = 5.0;
				TARGETED_DEVICE_FAMILY = "1,2";
			};
			name = Debug;
		};
		793652042428F0E60055DBAE /* Release */ = {
			isa = XCBuildConfiguration;
			buildSettings = {
				ASSETCATALOG_COMPILER_APPICON_NAME = AppIcon;
				CODE_SIGN_STYLE = Automatic;
				DEVELOPMENT_ASSET_PATHS = "\"Pomodoro/Preview Content\"";
				DEVELOPMENT_TEAM = L2BC5TCSR5;
				ENABLE_PREVIEWS = YES;
				INFOPLIST_FILE = Pomodoro/Info.plist;
				LD_RUNPATH_SEARCH_PATHS = (
					"$(inherited)",
					"@executable_path/Frameworks",
				);
				PRODUCT_BUNDLE_IDENTIFIER = com.garageminfinita.Pomodoro;
				PRODUCT_NAME = "$(TARGET_NAME)";
				SWIFT_VERSION = 5.0;
				TARGETED_DEVICE_FAMILY = "1,2";
			};
			name = Release;
		};
		793652062428F0E60055DBAE /* Debug */ = {
			isa = XCBuildConfiguration;
			buildSettings = {
				ALWAYS_EMBED_SWIFT_STANDARD_LIBRARIES = YES;
				BUNDLE_LOADER = "$(TEST_HOST)";
				CODE_SIGN_STYLE = Automatic;
				DEVELOPMENT_TEAM = L2BC5TCSR5;
				INFOPLIST_FILE = PomodoroTests/Info.plist;
				IPHONEOS_DEPLOYMENT_TARGET = 13.2;
				LD_RUNPATH_SEARCH_PATHS = (
					"$(inherited)",
					"@executable_path/Frameworks",
					"@loader_path/Frameworks",
				);
				PRODUCT_BUNDLE_IDENTIFIER = com.garageminfinita.PomodoroTests;
				PRODUCT_NAME = "$(TARGET_NAME)";
				SWIFT_VERSION = 5.0;
				TARGETED_DEVICE_FAMILY = "1,2";
				TEST_HOST = "$(BUILT_PRODUCTS_DIR)/Pomodoro.app/Pomodoro";
			};
			name = Debug;
		};
		793652072428F0E60055DBAE /* Release */ = {
			isa = XCBuildConfiguration;
			buildSettings = {
				ALWAYS_EMBED_SWIFT_STANDARD_LIBRARIES = YES;
				BUNDLE_LOADER = "$(TEST_HOST)";
				CODE_SIGN_STYLE = Automatic;
				DEVELOPMENT_TEAM = L2BC5TCSR5;
				INFOPLIST_FILE = PomodoroTests/Info.plist;
				IPHONEOS_DEPLOYMENT_TARGET = 13.2;
				LD_RUNPATH_SEARCH_PATHS = (
					"$(inherited)",
					"@executable_path/Frameworks",
					"@loader_path/Frameworks",
				);
				PRODUCT_BUNDLE_IDENTIFIER = com.garageminfinita.PomodoroTests;
				PRODUCT_NAME = "$(TARGET_NAME)";
				SWIFT_VERSION = 5.0;
				TARGETED_DEVICE_FAMILY = "1,2";
				TEST_HOST = "$(BUILT_PRODUCTS_DIR)/Pomodoro.app/Pomodoro";
			};
			name = Release;
		};
		793652092428F0E60055DBAE /* Debug */ = {
			isa = XCBuildConfiguration;
			buildSettings = {
				ALWAYS_EMBED_SWIFT_STANDARD_LIBRARIES = YES;
				CODE_SIGN_STYLE = Automatic;
				DEVELOPMENT_TEAM = L2BC5TCSR5;
				INFOPLIST_FILE = PomodoroUITests/Info.plist;
				LD_RUNPATH_SEARCH_PATHS = (
					"$(inherited)",
					"@executable_path/Frameworks",
					"@loader_path/Frameworks",
				);
				PRODUCT_BUNDLE_IDENTIFIER = com.garageminfinita.PomodoroUITests;
				PRODUCT_NAME = "$(TARGET_NAME)";
				SWIFT_VERSION = 5.0;
				TARGETED_DEVICE_FAMILY = "1,2";
				TEST_TARGET_NAME = Pomodoro;
			};
			name = Debug;
		};
		7936520A2428F0E60055DBAE /* Release */ = {
			isa = XCBuildConfiguration;
			buildSettings = {
				ALWAYS_EMBED_SWIFT_STANDARD_LIBRARIES = YES;
				CODE_SIGN_STYLE = Automatic;
				DEVELOPMENT_TEAM = L2BC5TCSR5;
				INFOPLIST_FILE = PomodoroUITests/Info.plist;
				LD_RUNPATH_SEARCH_PATHS = (
					"$(inherited)",
					"@executable_path/Frameworks",
					"@loader_path/Frameworks",
				);
				PRODUCT_BUNDLE_IDENTIFIER = com.garageminfinita.PomodoroUITests;
				PRODUCT_NAME = "$(TARGET_NAME)";
				SWIFT_VERSION = 5.0;
				TARGETED_DEVICE_FAMILY = "1,2";
				TEST_TARGET_NAME = Pomodoro;
			};
			name = Release;
		};
/* End XCBuildConfiguration section */

/* Begin XCConfigurationList section */
		793651D02428F0E00055DBAE /* Build configuration list for PBXProject "Pomodoro" */ = {
			isa = XCConfigurationList;
			buildConfigurations = (
				793652002428F0E60055DBAE /* Debug */,
				793652012428F0E60055DBAE /* Release */,
			);
			defaultConfigurationIsVisible = 0;
			defaultConfigurationName = Release;
		};
		793652022428F0E60055DBAE /* Build configuration list for PBXNativeTarget "Pomodoro" */ = {
			isa = XCConfigurationList;
			buildConfigurations = (
				793652032428F0E60055DBAE /* Debug */,
				793652042428F0E60055DBAE /* Release */,
			);
			defaultConfigurationIsVisible = 0;
			defaultConfigurationName = Release;
		};
		793652052428F0E60055DBAE /* Build configuration list for PBXNativeTarget "PomodoroTests" */ = {
			isa = XCConfigurationList;
			buildConfigurations = (
				793652062428F0E60055DBAE /* Debug */,
				793652072428F0E60055DBAE /* Release */,
			);
			defaultConfigurationIsVisible = 0;
			defaultConfigurationName = Release;
		};
		793652082428F0E60055DBAE /* Build configuration list for PBXNativeTarget "PomodoroUITests" */ = {
			isa = XCConfigurationList;
			buildConfigurations = (
				793652092428F0E60055DBAE /* Debug */,
				7936520A2428F0E60055DBAE /* Release */,
			);
			defaultConfigurationIsVisible = 0;
			defaultConfigurationName = Release;
		};
/* End XCConfigurationList section */

/* Begin XCVersionGroup section */
		793651DC2428F0E00055DBAE /* Pomodoro.xcdatamodeld */ = {
			isa = XCVersionGroup;
			children = (
				793651DD2428F0E00055DBAE /* Pomodoro.xcdatamodel */,
			);
			currentVersion = 793651DD2428F0E00055DBAE /* Pomodoro.xcdatamodel */;
			path = Pomodoro.xcdatamodeld;
			sourceTree = "<group>";
			versionGroupType = wrapper.xcdatamodel;
		};
/* End XCVersionGroup section */
	};
	rootObject = 793651CD2428F0E00055DBAE /* Project object */;
}
